Microsoft Visual Studio Solution File, Format Version 12.00
# Visual Studio Version 17
VisualStudioVersion = 17.5.2.0
MinimumVisualStudioVersion = 10.0.40219.1
Project("{FAE04EC0-301F-11D3-BF4B-00C04F79EFBC}") = "torneoFutbol", "torneoFutbol.csproj", "{8FDB952B-6A16-D11A-507C-D0EB7C8D5AA7}"
EndProject
Global
	GlobalSection(SolutionConfigurationPlatforms) = preSolution
		Debug|Any CPU = Debug|Any CPU
		Release|Any CPU = Release|Any CPU
	EndGlobalSection
	GlobalSection(ProjectConfigurationPlatforms) = postSolution
		{8FDB952B-6A16-D11A-507C-D0EB7C8D5AA7}.Debug|Any CPU.ActiveCfg = Debug|Any CPU
		{8FDB952B-6A16-D11A-507C-D0EB7C8D5AA7}.Debug|Any CPU.Build.0 = Debug|Any CPU
		{8FDB952B-6A16-D11A-507C-D0EB7C8D5AA7}.Release|Any CPU.ActiveCfg = Release|Any CPU
		{8FDB952B-6A16-D11A-507C-D0EB7C8D5AA7}.Release|Any CPU.Build.0 = Release|Any CPU
	EndGlobalSection
	GlobalSection(SolutionProperties) = preSolution
		HideSolutionNode = FALSE
	EndGlobalSection
	GlobalSection(ExtensibilityGlobals) = postSolution
		SolutionGuid = {BC0B3310-06D1-475F-9205-B0CE0A6169D6}
	EndGlobalSection
EndGlobal
